{
  "requires": true,
  "lockfileVersion": 1,
  "dependencies": {
    "@ramonak/react-progress-bar": {
      "version": "4.4.0",
      "resolved": "https://registry.npmjs.org/@ramonak/react-progress-bar/-/react-progress-bar-4.4.0.tgz",
      "integrity": "sha512-/djk0ZzQZXd2x6uMJ1YL5EeFBN1uJQVFcV5NrP1B29m31LL6xb5ahbpz255m3bFY3ZHpI7awE6L4SlfBW4mDWw=="
    }
  }
}
